
Microsoft Visual Studio Solution File, Format Version 12.00
# Visual Studio Version 17
VisualStudioVersion = 17.8.34322.80
MinimumVisualStudioVersion = 10.0.40219.1
Project("{FAE04EC0-301F-11D3-BF4B-00C04F79EFBC}") = "WinfromsChat", "WinfromsChat\WinfromsChat.csproj", "{8B852F24-79EC-43E1-A8FF-56426C7A46D4}"
EndProject
Global
	GlobalSection(SolutionConfigurationPlatforms) = preSolution
		Debug|Any CPU = Debug|Any CPU
		Release|Any CPU = Release|Any CPU
	EndGlobalSection
	GlobalSection(ProjectConfigurationPlatforms) = postSolution
		{8B852F24-79EC-43E1-A8FF-56426C7A46D4}.Debug|Any CPU.ActiveCfg = Debug|Any CPU
		{8B852F24-79EC-43E1-A8FF-56426C7A46D4}.Debug|Any CPU.Build.0 = Debug|Any CPU
		{8B852F24-79EC-43E1-A8FF-56426C7A46D4}.Release|Any CPU.ActiveCfg = Release|Any CPU
		{8B852F24-79EC-43E1-A8FF-56426C7A46D4}.Release|Any CPU.Build.0 = Release|Any CPU
	EndGlobalSection
	GlobalSection(SolutionProperties) = preSolution
		HideSolutionNode = FALSE
	EndGlobalSection
	GlobalSection(ExtensibilityGlobals) = postSolution
		SolutionGuid = {C76B2D10-99CB-479D-90F4-9C883522894D}
	EndGlobalSection
EndGlobal
